// !$*UTF8*$!
{
	archiveVersion = 1;
	classes = {
	};
	objectVersion = 46;
	objects = {

/* Begin PBXBuildFile section */
		C410D5D51F7AD0B300CF822A /* RCTMGLLight.m in Sources */ = {isa = PBXBuildFile; fileRef = C410D5D41F7AD0B300CF822A /* RCTMGLLight.m */; };
		C410D5D81F7AD0C100CF822A /* RCTMGLLightManager.m in Sources */ = {isa = PBXBuildFile; fileRef = C410D5D71F7AD0C100CF822A /* RCTMGLLightManager.m */; };
		C416015020112B5200006116 /* RNMBImageUtils.m in Sources */ = {isa = PBXBuildFile; fileRef = C416014F20112B5200006116 /* RNMBImageUtils.m */; };
		C41DCC9D1FBBA8F000895BB4 /* FilterList.m in Sources */ = {isa = PBXBuildFile; fileRef = C41DCC9C1FBBA8F000895BB4 /* FilterList.m */; };
		C42219B51FEB205300EE9E35 /* MGLFaux3DUserLocationAnnotationView.m in Sources */ = {isa = PBXBuildFile; fileRef = C42219B41FEB205300EE9E35 /* MGLFaux3DUserLocationAnnotationView.m */; };
		C42219BC1FEB215E00EE9E35 /* MGLUserLocationHeadingArrowLayer.m in Sources */ = {isa = PBXBuildFile; fileRef = C42219BB1FEB215E00EE9E35 /* MGLUserLocationHeadingArrowLayer.m */; };
		C42219BF1FEB21D500EE9E35 /* MGLUserLocationHeadingBeamLayer.m in Sources */ = {isa = PBXBuildFile; fileRef = C42219BE1FEB21D500EE9E35 /* MGLUserLocationHeadingBeamLayer.m */; };
		C42236A41F6B012000FA9C1C /* RCTMGLStyle.m in Sources */ = {isa = PBXBuildFile; fileRef = C42236A31F6B012000FA9C1C /* RCTMGLStyle.m */; };
		C42236A71F6C7F4E00FA9C1C /* RCTMGLFillExtrusionLayer.m in Sources */ = {isa = PBXBuildFile; fileRef = C42236A61F6C7F4E00FA9C1C /* RCTMGLFillExtrusionLayer.m */; };
		C42236AA1F6C7F6200FA9C1C /* RCTMGLFillExtrusionLayerManager.m in Sources */ = {isa = PBXBuildFile; fileRef = C42236A91F6C7F6200FA9C1C /* RCTMGLFillExtrusionLayerManager.m */; };
		C435A5F71F587D9100824A30 /* ViewManager.m in Sources */ = {isa = PBXBuildFile; fileRef = C435A5F61F587D9100824A30 /* ViewManager.m */; };
		C43CA5061F507BCC000B9CB7 /* RCTMGLMapTouchEvent.m in Sources */ = {isa = PBXBuildFile; fileRef = C43CA5051F507BCC000B9CB7 /* RCTMGLMapTouchEvent.m */; };
		C43CA50A1F50C145000B9CB7 /* RCTMGLEvent.m in Sources */ = {isa = PBXBuildFile; fileRef = C43CA5091F50C145000B9CB7 /* RCTMGLEvent.m */; };
		C43CA50D1F53A4EF000B9CB7 /* RCTMGLEventTypes.m in Sources */ = {isa = PBXBuildFile; fileRef = C43CA50C1F53A4EF000B9CB7 /* RCTMGLEventTypes.m */; };
		C45339CD204780EB00888553 /* RCTMGLImageQueueOperation.m in Sources */ = {isa = PBXBuildFile; fileRef = C45339CC204780EB00888553 /* RCTMGLImageQueueOperation.m */; };
		C470F5B81F9E79D400614A69 /* RCTMGLImageQueue.m in Sources */ = {isa = PBXBuildFile; fileRef = C470F5B71F9E79D400614A69 /* RCTMGLImageQueue.m */; };
		C470F6AC1FA11C9500614A69 /* MGLOfflineModule.m in Sources */ = {isa = PBXBuildFile; fileRef = C470F6AB1FA11C9500614A69 /* MGLOfflineModule.m */; };
		C4C87A601F844C820064AE95 /* FilterParser.m in Sources */ = {isa = PBXBuildFile; fileRef = C4C87A5F1F844C820064AE95 /* FilterParser.m */; };
		C4C87B7B1F8FEBF50064AE95 /* RCTMGLPointAnnotationManager.m in Sources */ = {isa = PBXBuildFile; fileRef = C4C87B7A1F8FEBF40064AE95 /* RCTMGLPointAnnotationManager.m */; };
		C4C87B7E1F8FEC090064AE95 /* RCTMGLPointAnnotation.m in Sources */ = {isa = PBXBuildFile; fileRef = C4C87B7D1F8FEC090064AE95 /* RCTMGLPointAnnotation.m */; };
		C4C87B911F9142FB0064AE95 /* RCTMGLCallout.m in Sources */ = {isa = PBXBuildFile; fileRef = C4C87B901F9142FB0064AE95 /* RCTMGLCallout.m */; };
		C4C87B941F9143DA0064AE95 /* RCTMGLCalloutManager.m in Sources */ = {isa = PBXBuildFile; fileRef = C4C87B931F9143DA0064AE95 /* RCTMGLCalloutManager.m */; };
		C4D144421F4E16F600396F26 /* RCTMGL.m in Sources */ = {isa = PBXBuildFile; fileRef = C4D144411F4E16F600396F26 /* RCTMGL.m */; };
		C4D144431F4E16F600396F26 /* RCTMGL.h in CopyFiles */ = {isa = PBXBuildFile; fileRef = C4D144401F4E16F600396F26 /* RCTMGL.h */; };
		C4D1444C1F4E178100396F26 /* RCTMGLMapView.m in Sources */ = {isa = PBXBuildFile; fileRef = C4D1444B1F4E178100396F26 /* RCTMGLMapView.m */; };
		C4D1444F1F4E181100396F26 /* RCTMGLMapViewManager.m in Sources */ = {isa = PBXBuildFile; fileRef = C4D1444E1F4E181100396F26 /* RCTMGLMapViewManager.m */; };
		C4D144531F4E190C00396F26 /* MGLModule.m in Sources */ = {isa = PBXBuildFile; fileRef = C4D144521F4E190C00396F26 /* MGLModule.m */; };
		C4D144971F4E2F1100396F26 /* RCTMGLUtils.m in Sources */ = {isa = PBXBuildFile; fileRef = C4D144961F4E2F1100396F26 /* RCTMGLUtils.m */; };
		C4EA22191F675ACE00EF2500 /* RCTMGLStyleValue.m in Sources */ = {isa = PBXBuildFile; fileRef = C4EA22181F675ACE00EF2500 /* RCTMGLStyleValue.m */; };
		C4EAF1201F5FC07E0016DEE8 /* CameraStop.m in Sources */ = {isa = PBXBuildFile; fileRef = C4EAF11F1F5FC07E0016DEE8 /* CameraStop.m */; };
		C4EAF1241F606F7C0016DEE8 /* CameraMode.m in Sources */ = {isa = PBXBuildFile; fileRef = C4EAF1231F606F7C0016DEE8 /* CameraMode.m */; };
		C4EAF1271F6083C70016DEE8 /* CameraUpdateItem.m in Sources */ = {isa = PBXBuildFile; fileRef = C4EAF1261F6083C70016DEE8 /* CameraUpdateItem.m */; };
		C4EAF12A1F6084920016DEE8 /* CameraUpdateQueue.m in Sources */ = {isa = PBXBuildFile; fileRef = C4EAF1291F6084920016DEE8 /* CameraUpdateQueue.m */; };
		C4EAF17D1F6324970016DEE8 /* RCTMGLSource.m in Sources */ = {isa = PBXBuildFile; fileRef = C4EAF17C1F6324970016DEE8 /* RCTMGLSource.m */; };
		C4EAF1801F6324A80016DEE8 /* RCTMGLLayer.m in Sources */ = {isa = PBXBuildFile; fileRef = C4EAF17F1F6324A80016DEE8 /* RCTMGLLayer.m */; };
		C4EAF1831F6336E20016DEE8 /* RCTMGLVectorSource.m in Sources */ = {isa = PBXBuildFile; fileRef = C4EAF1821F6336E20016DEE8 /* RCTMGLVectorSource.m */; };
		C4EAF1891F633C010016DEE8 /* RCTMGLVectorSourceManager.m in Sources */ = {isa = PBXBuildFile; fileRef = C4EAF1881F633C010016DEE8 /* RCTMGLVectorSourceManager.m */; };
		C4EAF18F1F633E020016DEE8 /* RCTMGLFillLayer.m in Sources */ = {isa = PBXBuildFile; fileRef = C4EAF18E1F633E020016DEE8 /* RCTMGLFillLayer.m */; };
		C4EAF1921F6341520016DEE8 /* RCTMGLFillLayerManager.m in Sources */ = {isa = PBXBuildFile; fileRef = C4EAF1911F6341520016DEE8 /* RCTMGLFillLayerManager.m */; };
		C4FB10FE1F707A140055AE1F /* RCTMGLLineLayer.m in Sources */ = {isa = PBXBuildFile; fileRef = C4FB10FD1F707A140055AE1F /* RCTMGLLineLayer.m */; };
		C4FB11011F707A280055AE1F /* RCTMGLLineLayerManager.m in Sources */ = {isa = PBXBuildFile; fileRef = C4FB11001F707A280055AE1F /* RCTMGLLineLayerManager.m */; };
		C4FB11041F709CDC0055AE1F /* RCTMGLCircleLayer.m in Sources */ = {isa = PBXBuildFile; fileRef = C4FB11031F709CDC0055AE1F /* RCTMGLCircleLayer.m */; };
		C4FB11071F709CEF0055AE1F /* RCTMGLCircleLayerManager.m in Sources */ = {isa = PBXBuildFile; fileRef = C4FB11061F709CEF0055AE1F /* RCTMGLCircleLayerManager.m */; };
		C4FB110A1F71D09E0055AE1F /* RCTMGLShapeSource.m in Sources */ = {isa = PBXBuildFile; fileRef = C4FB11091F71D09E0055AE1F /* RCTMGLShapeSource.m */; };
		C4FB110D1F71D0B10055AE1F /* RCTMGLShapeSourceManager.m in Sources */ = {isa = PBXBuildFile; fileRef = C4FB110C1F71D0B10055AE1F /* RCTMGLShapeSourceManager.m */; };
		C4FB11101F71EC8D0055AE1F /* RCTMGLSymbolLayer.m in Sources */ = {isa = PBXBuildFile; fileRef = C4FB110F1F71EC8D0055AE1F /* RCTMGLSymbolLayer.m */; };
		C4FB11131F71EC9F0055AE1F /* RCTMGLSymbolLayerManager.m in Sources */ = {isa = PBXBuildFile; fileRef = C4FB11121F71EC9F0055AE1F /* RCTMGLSymbolLayerManager.m */; };
		C4FB122D1F7972A00055AE1F /* RCTMGLRasterSource.m in Sources */ = {isa = PBXBuildFile; fileRef = C4FB122C1F7972A00055AE1F /* RCTMGLRasterSource.m */; };
		C4FB12301F7972B40055AE1F /* RCTMGLRasterSourceManager.m in Sources */ = {isa = PBXBuildFile; fileRef = C4FB122F1F7972B40055AE1F /* RCTMGLRasterSourceManager.m */; };
		C4FB12331F799F190055AE1F /* RCTMGLRasterLayer.m in Sources */ = {isa = PBXBuildFile; fileRef = C4FB12321F799F190055AE1F /* RCTMGLRasterLayer.m */; };
		C4FB12361F799F280055AE1F /* RCTMGLRasterLayerManager.m in Sources */ = {isa = PBXBuildFile; fileRef = C4FB12351F799F280055AE1F /* RCTMGLRasterLayerManager.m */; };
		C4FB12581F79C0270055AE1F /* RCTMGLBackgroundLayer.m in Sources */ = {isa = PBXBuildFile; fileRef = C4FB12571F79C0270055AE1F /* RCTMGLBackgroundLayer.m */; };
		C4FB125B1F79C03E0055AE1F /* RCTMGLBackgroundLayerManager.m in Sources */ = {isa = PBXBuildFile; fileRef = C4FB125A1F79C03E0055AE1F /* RCTMGLBackgroundLayerManager.m */; };
		C4FD1DBF1FCF54FB00213AF2 /* RCTMGLImageSource.m in Sources */ = {isa = PBXBuildFile; fileRef = C4FD1DBE1FCF54FB00213AF2 /* RCTMGLImageSource.m */; };
		C4FD1DC21FCF550E00213AF2 /* RCTMGLImageSourceManager.m in Sources */ = {isa = PBXBuildFile; fileRef = C4FD1DC11FCF550E00213AF2 /* RCTMGLImageSourceManager.m */; };
		C4FD1DC51FD1F04300213AF2 /* MGLSnapshotModule.m in Sources */ = {isa = PBXBuildFile; fileRef = C4FD1DC41FD1F04200213AF2 /* MGLSnapshotModule.m */; };
/* End PBXBuildFile section */

/* Begin PBXCopyFilesBuildPhase section */
		C4D1443B1F4E16F600396F26 /* CopyFiles */ = {
			isa = PBXCopyFilesBuildPhase;
			buildActionMask = 2147483647;
			dstPath = "include/$(PRODUCT_NAME)";
			dstSubfolderSpec = 16;
			files = (
				C4D144431F4E16F600396F26 /* RCTMGL.h in CopyFiles */,
			);
			runOnlyForDeploymentPostprocessing = 0;
		};
/* End PBXCopyFilesBuildPhase section */

/* Begin PBXFileReference section */
		C410D5D31F7AD0B300CF822A /* RCTMGLLight.h */ = {isa = PBXFileReference; lastKnownFileType = sourcecode.c.h; path = RCTMGLLight.h; sourceTree = "<group>"; };
		C410D5D41F7AD0B300CF822A /* RCTMGLLight.m */ = {isa = PBXFileReference; lastKnownFileType = sourcecode.c.objc; path = RCTMGLLight.m; sourceTree = "<group>"; };
		C410D5D61F7AD0C100CF822A /* RCTMGLLightManager.h */ = {isa = PBXFileReference; lastKnownFileType = sourcecode.c.h; path = RCTMGLLightManager.h; sourceTree = "<group>"; };
		C410D5D71F7AD0C100CF822A /* RCTMGLLightManager.m */ = {isa = PBXFileReference; lastKnownFileType = sourcecode.c.objc; path = RCTMGLLightManager.m; sourceTree = "<group>"; };
		C416014E20112B5200006116 /* RNMBImageUtils.h */ = {isa = PBXFileReference; lastKnownFileType = sourcecode.c.h; path = RNMBImageUtils.h; sourceTree = "<group>"; };
		C416014F20112B5200006116 /* RNMBImageUtils.m */ = {isa = PBXFileReference; lastKnownFileType = sourcecode.c.objc; path = RNMBImageUtils.m; sourceTree = "<group>"; };
		C41DCC9B1FBBA8F000895BB4 /* FilterList.h */ = {isa = PBXFileReference; lastKnownFileType = sourcecode.c.h; path = FilterList.h; sourceTree = "<group>"; };
		C41DCC9C1FBBA8F000895BB4 /* FilterList.m */ = {isa = PBXFileReference; lastKnownFileType = sourcecode.c.objc; path = FilterList.m; sourceTree = "<group>"; };
		C42219B31FEB205300EE9E35 /* MGLFaux3DUserLocationAnnotationView.h */ = {isa = PBXFileReference; lastKnownFileType = sourcecode.c.h; path = MGLFaux3DUserLocationAnnotationView.h; sourceTree = "<group>"; };
		C42219B41FEB205300EE9E35 /* MGLFaux3DUserLocationAnnotationView.m */ = {isa = PBXFileReference; lastKnownFileType = sourcecode.c.objc; path = MGLFaux3DUserLocationAnnotationView.m; sourceTree = "<group>"; };
		C42219B91FEB211700EE9E35 /* MGLUserLocationHeadingIndicator.h */ = {isa = PBXFileReference; lastKnownFileType = sourcecode.c.h; path = MGLUserLocationHeadingIndicator.h; sourceTree = "<group>"; };
		C42219BA1FEB215E00EE9E35 /* MGLUserLocationHeadingArrowLayer.h */ = {isa = PBXFileReference; lastKnownFileType = sourcecode.c.h; path = MGLUserLocationHeadingArrowLayer.h; sourceTree = "<group>"; };
		C42219BB1FEB215E00EE9E35 /* MGLUserLocationHeadingArrowLayer.m */ = {isa = PBXFileReference; lastKnownFileType = sourcecode.c.objc; path = MGLUserLocationHeadingArrowLayer.m; sourceTree = "<group>"; };
		C42219BD1FEB21D500EE9E35 /* MGLUserLocationHeadingBeamLayer.h */ = {isa = PBXFileReference; lastKnownFileType = sourcecode.c.h; path = MGLUserLocationHeadingBeamLayer.h; sourceTree = "<group>"; };
		C42219BE1FEB21D500EE9E35 /* MGLUserLocationHeadingBeamLayer.m */ = {isa = PBXFileReference; lastKnownFileType = sourcecode.c.objc; path = MGLUserLocationHeadingBeamLayer.m; sourceTree = "<group>"; };
		C42236A21F6B012000FA9C1C /* RCTMGLStyle.h */ = {isa = PBXFileReference; fileEncoding = 4; lastKnownFileType = sourcecode.c.h; path = RCTMGLStyle.h; sourceTree = "<group>"; };
		C42236A31F6B012000FA9C1C /* RCTMGLStyle.m */ = {isa = PBXFileReference; fileEncoding = 4; lastKnownFileType = sourcecode.c.objc; path = RCTMGLStyle.m; sourceTree = "<group>"; };
		C42236A51F6C7F4E00FA9C1C /* RCTMGLFillExtrusionLayer.h */ = {isa = PBXFileReference; fileEncoding = 4; lastKnownFileType = sourcecode.c.h; path = RCTMGLFillExtrusionLayer.h; sourceTree = "<group>"; };
		C42236A61F6C7F4E00FA9C1C /* RCTMGLFillExtrusionLayer.m */ = {isa = PBXFileReference; fileEncoding = 4; lastKnownFileType = sourcecode.c.objc; path = RCTMGLFillExtrusionLayer.m; sourceTree = "<group>"; };
		C42236A81F6C7F6200FA9C1C /* RCTMGLFillExtrusionLayerManager.h */ = {isa = PBXFileReference; fileEncoding = 4; lastKnownFileType = sourcecode.c.h; path = RCTMGLFillExtrusionLayerManager.h; sourceTree = "<group>"; };
		C42236A91F6C7F6200FA9C1C /* RCTMGLFillExtrusionLayerManager.m */ = {isa = PBXFileReference; fileEncoding = 4; lastKnownFileType = sourcecode.c.objc; path = RCTMGLFillExtrusionLayerManager.m; sourceTree = "<group>"; };
		C435A5F51F587D9100824A30 /* ViewManager.h */ = {isa = PBXFileReference; fileEncoding = 4; lastKnownFileType = sourcecode.c.h; path = ViewManager.h; sourceTree = "<group>"; };
		C435A5F61F587D9100824A30 /* ViewManager.m */ = {isa = PBXFileReference; fileEncoding = 4; lastKnownFileType = sourcecode.c.objc; path = ViewManager.m; sourceTree = "<group>"; };
		C43CA5041F507BCC000B9CB7 /* RCTMGLMapTouchEvent.h */ = {isa = PBXFileReference; fileEncoding = 4; lastKnownFileType = sourcecode.c.h; path = RCTMGLMapTouchEvent.h; sourceTree = "<group>"; };
		C43CA5051F507BCC000B9CB7 /* RCTMGLMapTouchEvent.m */ = {isa = PBXFileReference; fileEncoding = 4; lastKnownFileType = sourcecode.c.objc; path = RCTMGLMapTouchEvent.m; sourceTree = "<group>"; };
		C43CA5071F507D88000B9CB7 /* RCTMGLEventProtocol.h */ = {isa = PBXFileReference; lastKnownFileType = sourcecode.c.h; path = RCTMGLEventProtocol.h; sourceTree = "<group>"; };
		C43CA5081F50C145000B9CB7 /* RCTMGLEvent.h */ = {isa = PBXFileReference; fileEncoding = 4; lastKnownFileType = sourcecode.c.h; path = RCTMGLEvent.h; sourceTree = "<group>"; };
		C43CA5091F50C145000B9CB7 /* RCTMGLEvent.m */ = {isa = PBXFileReference; fileEncoding = 4; lastKnownFileType = sourcecode.c.objc; path = RCTMGLEvent.m; sourceTree = "<group>"; };
		C43CA50B1F53A4EF000B9CB7 /* RCTMGLEventTypes.h */ = {isa = PBXFileReference; fileEncoding = 4; lastKnownFileType = sourcecode.c.h; path = RCTMGLEventTypes.h; sourceTree = "<group>"; };
		C43CA50C1F53A4EF000B9CB7 /* RCTMGLEventTypes.m */ = {isa = PBXFileReference; fileEncoding = 4; lastKnownFileType = sourcecode.c.objc; path = RCTMGLEventTypes.m; sourceTree = "<group>"; };
		C45339CB204780EB00888553 /* RCTMGLImageQueueOperation.h */ = {isa = PBXFileReference; lastKnownFileType = sourcecode.c.h; path = RCTMGLImageQueueOperation.h; sourceTree = "<group>"; };
		C45339CC204780EB00888553 /* RCTMGLImageQueueOperation.m */ = {isa = PBXFileReference; lastKnownFileType = sourcecode.c.objc; path = RCTMGLImageQueueOperation.m; sourceTree = "<group>"; };
		C470F5B61F9E79D400614A69 /* RCTMGLImageQueue.h */ = {isa = PBXFileReference; lastKnownFileType = sourcecode.c.h; path = RCTMGLImageQueue.h; sourceTree = "<group>"; };
		C470F5B71F9E79D400614A69 /* RCTMGLImageQueue.m */ = {isa = PBXFileReference; lastKnownFileType = sourcecode.c.objc; path = RCTMGLImageQueue.m; sourceTree = "<group>"; };
		C470F6AA1FA11C9500614A69 /* MGLOfflineModule.h */ = {isa = PBXFileReference; lastKnownFileType = sourcecode.c.h; path = MGLOfflineModule.h; sourceTree = "<group>"; };
		C470F6AB1FA11C9500614A69 /* MGLOfflineModule.m */ = {isa = PBXFileReference; lastKnownFileType = sourcecode.c.objc; path = MGLOfflineModule.m; sourceTree = "<group>"; };
		C4C87A5E1F844C820064AE95 /* FilterParser.h */ = {isa = PBXFileReference; lastKnownFileType = sourcecode.c.h; path = FilterParser.h; sourceTree = "<group>"; };
		C4C87A5F1F844C820064AE95 /* FilterParser.m */ = {isa = PBXFileReference; lastKnownFileType = sourcecode.c.objc; path = FilterParser.m; sourceTree = "<group>"; };
		C4C87B791F8FEBF40064AE95 /* RCTMGLPointAnnotationManager.h */ = {isa = PBXFileReference; lastKnownFileType = sourcecode.c.h; path = RCTMGLPointAnnotationManager.h; sourceTree = "<group>"; };
		C4C87B7A1F8FEBF40064AE95 /* RCTMGLPointAnnotationManager.m */ = {isa = PBXFileReference; lastKnownFileType = sourcecode.c.objc; path = RCTMGLPointAnnotationManager.m; sourceTree = "<group>"; };
		C4C87B7C1F8FEC080064AE95 /* RCTMGLPointAnnotation.h */ = {isa = PBXFileReference; lastKnownFileType = sourcecode.c.h; path = RCTMGLPointAnnotation.h; sourceTree = "<group>"; };
		C4C87B7D1F8FEC090064AE95 /* RCTMGLPointAnnotation.m */ = {isa = PBXFileReference; lastKnownFileType = sourcecode.c.objc; path = RCTMGLPointAnnotation.m; sourceTree = "<group>"; };
		C4C87B8F1F9142FB0064AE95 /* RCTMGLCallout.h */ = {isa = PBXFileReference; lastKnownFileType = sourcecode.c.h; path = RCTMGLCallout.h; sourceTree = "<group>"; };
		C4C87B901F9142FB0064AE95 /* RCTMGLCallout.m */ = {isa = PBXFileReference; lastKnownFileType = sourcecode.c.objc; path = RCTMGLCallout.m; sourceTree = "<group>"; };
		C4C87B921F9143DA0064AE95 /* RCTMGLCalloutManager.h */ = {isa = PBXFileReference; lastKnownFileType = sourcecode.c.h; path = RCTMGLCalloutManager.h; sourceTree = "<group>"; };
		C4C87B931F9143DA0064AE95 /* RCTMGLCalloutManager.m */ = {isa = PBXFileReference; lastKnownFileType = sourcecode.c.objc; path = RCTMGLCalloutManager.m; sourceTree = "<group>"; };
		C4D1443D1F4E16F600396F26 /* libRCTMGL.a */ = {isa = PBXFileReference; explicitFileType = archive.ar; includeInIndex = 0; path = libRCTMGL.a; sourceTree = BUILT_PRODUCTS_DIR; };
		C4D144401F4E16F600396F26 /* RCTMGL.h */ = {isa = PBXFileReference; lastKnownFileType = sourcecode.c.h; path = RCTMGL.h; sourceTree = "<group>"; };
		C4D144411F4E16F600396F26 /* RCTMGL.m */ = {isa = PBXFileReference; lastKnownFileType = sourcecode.c.objc; path = RCTMGL.m; sourceTree = "<group>"; };
		C4D1444A1F4E178100396F26 /* RCTMGLMapView.h */ = {isa = PBXFileReference; fileEncoding = 4; lastKnownFileType = sourcecode.c.h; path = RCTMGLMapView.h; sourceTree = "<group>"; };
		C4D1444B1F4E178100396F26 /* RCTMGLMapView.m */ = {isa = PBXFileReference; fileEncoding = 4; lastKnownFileType = sourcecode.c.objc; path = RCTMGLMapView.m; sourceTree = "<group>"; };
		C4D1444D1F4E181100396F26 /* RCTMGLMapViewManager.h */ = {isa = PBXFileReference; fileEncoding = 4; lastKnownFileType = sourcecode.c.h; path = RCTMGLMapViewManager.h; sourceTree = "<group>"; };
		C4D1444E1F4E181100396F26 /* RCTMGLMapViewManager.m */ = {isa = PBXFileReference; fileEncoding = 4; lastKnownFileType = sourcecode.c.objc; path = RCTMGLMapViewManager.m; sourceTree = "<group>"; };
		C4D144511F4E190C00396F26 /* MGLModule.h */ = {isa = PBXFileReference; fileEncoding = 4; lastKnownFileType = sourcecode.c.h; path = MGLModule.h; sourceTree = "<group>"; };
		C4D144521F4E190C00396F26 /* MGLModule.m */ = {isa = PBXFileReference; fileEncoding = 4; lastKnownFileType = sourcecode.c.objc; path = MGLModule.m; sourceTree = "<group>"; };
		C4D144951F4E2F1100396F26 /* RCTMGLUtils.h */ = {isa = PBXFileReference; fileEncoding = 4; lastKnownFileType = sourcecode.c.h; path = RCTMGLUtils.h; sourceTree = "<group>"; };
		C4D144961F4E2F1100396F26 /* RCTMGLUtils.m */ = {isa = PBXFileReference; fileEncoding = 4; lastKnownFileType = sourcecode.c.objc; path = RCTMGLUtils.m; sourceTree = "<group>"; };
		C4EA22171F675ACE00EF2500 /* RCTMGLStyleValue.h */ = {isa = PBXFileReference; fileEncoding = 4; lastKnownFileType = sourcecode.c.h; path = RCTMGLStyleValue.h; sourceTree = "<group>"; };
		C4EA22181F675ACE00EF2500 /* RCTMGLStyleValue.m */ = {isa = PBXFileReference; fileEncoding = 4; lastKnownFileType = sourcecode.c.objc; path = RCTMGLStyleValue.m; sourceTree = "<group>"; };
		C4EAF11E1F5FC07E0016DEE8 /* CameraStop.h */ = {isa = PBXFileReference; fileEncoding = 4; lastKnownFileType = sourcecode.c.h; path = CameraStop.h; sourceTree = "<group>"; };
		C4EAF11F1F5FC07E0016DEE8 /* CameraStop.m */ = {isa = PBXFileReference; fileEncoding = 4; lastKnownFileType = sourcecode.c.objc; path = CameraStop.m; sourceTree = "<group>"; };
		C4EAF1221F606F7C0016DEE8 /* CameraMode.h */ = {isa = PBXFileReference; fileEncoding = 4; lastKnownFileType = sourcecode.c.h; path = CameraMode.h; sourceTree = "<group>"; };
		C4EAF1231F606F7C0016DEE8 /* CameraMode.m */ = {isa = PBXFileReference; fileEncoding = 4; lastKnownFileType = sourcecode.c.objc; path = CameraMode.m; sourceTree = "<group>"; };
		C4EAF1251F6083C70016DEE8 /* CameraUpdateItem.h */ = {isa = PBXFileReference; fileEncoding = 4; lastKnownFileType = sourcecode.c.h; path = CameraUpdateItem.h; sourceTree = "<group>"; };
		C4EAF1261F6083C70016DEE8 /* CameraUpdateItem.m */ = {isa = PBXFileReference; fileEncoding = 4; lastKnownFileType = sourcecode.c.objc; path = CameraUpdateItem.m; sourceTree = "<group>"; };
		C4EAF1281F6084920016DEE8 /* CameraUpdateQueue.h */ = {isa = PBXFileReference; fileEncoding = 4; lastKnownFileType = sourcecode.c.h; path = CameraUpdateQueue.h; sourceTree = "<group>"; };
		C4EAF1291F6084920016DEE8 /* CameraUpdateQueue.m */ = {isa = PBXFileReference; fileEncoding = 4; lastKnownFileType = sourcecode.c.objc; path = CameraUpdateQueue.m; sourceTree = "<group>"; };
		C4EAF17B1F6324970016DEE8 /* RCTMGLSource.h */ = {isa = PBXFileReference; fileEncoding = 4; lastKnownFileType = sourcecode.c.h; path = RCTMGLSource.h; sourceTree = "<group>"; };
		C4EAF17C1F6324970016DEE8 /* RCTMGLSource.m */ = {isa = PBXFileReference; fileEncoding = 4; lastKnownFileType = sourcecode.c.objc; path = RCTMGLSource.m; sourceTree = "<group>"; };
		C4EAF17E1F6324A80016DEE8 /* RCTMGLLayer.h */ = {isa = PBXFileReference; fileEncoding = 4; lastKnownFileType = sourcecode.c.h; path = RCTMGLLayer.h; sourceTree = "<group>"; };
		C4EAF17F1F6324A80016DEE8 /* RCTMGLLayer.m */ = {isa = PBXFileReference; fileEncoding = 4; lastKnownFileType = sourcecode.c.objc; path = RCTMGLLayer.m; sourceTree = "<group>"; };
		C4EAF1811F6336E20016DEE8 /* RCTMGLVectorSource.h */ = {isa = PBXFileReference; fileEncoding = 4; lastKnownFileType = sourcecode.c.h; path = RCTMGLVectorSource.h; sourceTree = "<group>"; };
		C4EAF1821F6336E20016DEE8 /* RCTMGLVectorSource.m */ = {isa = PBXFileReference; fileEncoding = 4; lastKnownFileType = sourcecode.c.objc; path = RCTMGLVectorSource.m; sourceTree = "<group>"; };
		C4EAF1871F633C010016DEE8 /* RCTMGLVectorSourceManager.h */ = {isa = PBXFileReference; fileEncoding = 4; lastKnownFileType = sourcecode.c.h; path = RCTMGLVectorSourceManager.h; sourceTree = "<group>"; };
		C4EAF1881F633C010016DEE8 /* RCTMGLVectorSourceManager.m */ = {isa = PBXFileReference; fileEncoding = 4; lastKnownFileType = sourcecode.c.objc; path = RCTMGLVectorSourceManager.m; sourceTree = "<group>"; };
		C4EAF18D1F633E020016DEE8 /* RCTMGLFillLayer.h */ = {isa = PBXFileReference; fileEncoding = 4; lastKnownFileType = sourcecode.c.h; path = RCTMGLFillLayer.h; sourceTree = "<group>"; };
		C4EAF18E1F633E020016DEE8 /* RCTMGLFillLayer.m */ = {isa = PBXFileReference; fileEncoding = 4; lastKnownFileType = sourcecode.c.objc; path = RCTMGLFillLayer.m; sourceTree = "<group>"; };
		C4EAF1901F6341520016DEE8 /* RCTMGLFillLayerManager.h */ = {isa = PBXFileReference; fileEncoding = 4; lastKnownFileType = sourcecode.c.h; path = RCTMGLFillLayerManager.h; sourceTree = "<group>"; };
		C4EAF1911F6341520016DEE8 /* RCTMGLFillLayerManager.m */ = {isa = PBXFileReference; fileEncoding = 4; lastKnownFileType = sourcecode.c.objc; path = RCTMGLFillLayerManager.m; sourceTree = "<group>"; };
		C4FB10FC1F707A140055AE1F /* RCTMGLLineLayer.h */ = {isa = PBXFileReference; lastKnownFileType = sourcecode.c.h; path = RCTMGLLineLayer.h; sourceTree = "<group>"; };
		C4FB10FD1F707A140055AE1F /* RCTMGLLineLayer.m */ = {isa = PBXFileReference; lastKnownFileType = sourcecode.c.objc; path = RCTMGLLineLayer.m; sourceTree = "<group>"; };
		C4FB10FF1F707A280055AE1F /* RCTMGLLineLayerManager.h */ = {isa = PBXFileReference; lastKnownFileType = sourcecode.c.h; path = RCTMGLLineLayerManager.h; sourceTree = "<group>"; };
		C4FB11001F707A280055AE1F /* RCTMGLLineLayerManager.m */ = {isa = PBXFileReference; lastKnownFileType = sourcecode.c.objc; path = RCTMGLLineLayerManager.m; sourceTree = "<group>"; };
		C4FB11021F709CDC0055AE1F /* RCTMGLCircleLayer.h */ = {isa = PBXFileReference; lastKnownFileType = sourcecode.c.h; path = RCTMGLCircleLayer.h; sourceTree = "<group>"; };
		C4FB11031F709CDC0055AE1F /* RCTMGLCircleLayer.m */ = {isa = PBXFileReference; lastKnownFileType = sourcecode.c.objc; path = RCTMGLCircleLayer.m; sourceTree = "<group>"; };
		C4FB11051F709CEF0055AE1F /* RCTMGLCircleLayerManager.h */ = {isa = PBXFileReference; lastKnownFileType = sourcecode.c.h; path = RCTMGLCircleLayerManager.h; sourceTree = "<group>"; };
		C4FB11061F709CEF0055AE1F /* RCTMGLCircleLayerManager.m */ = {isa = PBXFileReference; lastKnownFileType = sourcecode.c.objc; path = RCTMGLCircleLayerManager.m; sourceTree = "<group>"; };
		C4FB11081F71D09E0055AE1F /* RCTMGLShapeSource.h */ = {isa = PBXFileReference; lastKnownFileType = sourcecode.c.h; path = RCTMGLShapeSource.h; sourceTree = "<group>"; };
		C4FB11091F71D09E0055AE1F /* RCTMGLShapeSource.m */ = {isa = PBXFileReference; lastKnownFileType = sourcecode.c.objc; path = RCTMGLShapeSource.m; sourceTree = "<group>"; };
		C4FB110B1F71D0B10055AE1F /* RCTMGLShapeSourceManager.h */ = {isa = PBXFileReference; lastKnownFileType = sourcecode.c.h; path = RCTMGLShapeSourceManager.h; sourceTree = "<group>"; };
		C4FB110C1F71D0B10055AE1F /* RCTMGLShapeSourceManager.m */ = {isa = PBXFileReference; lastKnownFileType = sourcecode.c.objc; path = RCTMGLShapeSourceManager.m; sourceTree = "<group>"; };
		C4FB110E1F71EC8D0055AE1F /* RCTMGLSymbolLayer.h */ = {isa = PBXFileReference; lastKnownFileType = sourcecode.c.h; path = RCTMGLSymbolLayer.h; sourceTree = "<group>"; };
		C4FB110F1F71EC8D0055AE1F /* RCTMGLSymbolLayer.m */ = {isa = PBXFileReference; lastKnownFileType = sourcecode.c.objc; path = RCTMGLSymbolLayer.m; sourceTree = "<group>"; };
		C4FB11111F71EC9F0055AE1F /* RCTMGLSymbolLayerManager.h */ = {isa = PBXFileReference; lastKnownFileType = sourcecode.c.h; path = RCTMGLSymbolLayerManager.h; sourceTree = "<group>"; };
		C4FB11121F71EC9F0055AE1F /* RCTMGLSymbolLayerManager.m */ = {isa = PBXFileReference; lastKnownFileType = sourcecode.c.objc; path = RCTMGLSymbolLayerManager.m; sourceTree = "<group>"; };
		C4FB122B1F7972A00055AE1F /* RCTMGLRasterSource.h */ = {isa = PBXFileReference; lastKnownFileType = sourcecode.c.h; path = RCTMGLRasterSource.h; sourceTree = "<group>"; };
		C4FB122C1F7972A00055AE1F /* RCTMGLRasterSource.m */ = {isa = PBXFileReference; lastKnownFileType = sourcecode.c.objc; path = RCTMGLRasterSource.m; sourceTree = "<group>"; };
		C4FB122E1F7972B40055AE1F /* RCTMGLRasterSourceManager.h */ = {isa = PBXFileReference; lastKnownFileType = sourcecode.c.h; path = RCTMGLRasterSourceManager.h; sourceTree = "<group>"; };
		C4FB122F1F7972B40055AE1F /* RCTMGLRasterSourceManager.m */ = {isa = PBXFileReference; lastKnownFileType = sourcecode.c.objc; path = RCTMGLRasterSourceManager.m; sourceTree = "<group>"; };
		C4FB12311F799F190055AE1F /* RCTMGLRasterLayer.h */ = {isa = PBXFileReference; lastKnownFileType = sourcecode.c.h; path = RCTMGLRasterLayer.h; sourceTree = "<group>"; };
		C4FB12321F799F190055AE1F /* RCTMGLRasterLayer.m */ = {isa = PBXFileReference; lastKnownFileType = sourcecode.c.objc; path = RCTMGLRasterLayer.m; sourceTree = "<group>"; };
		C4FB12341F799F280055AE1F /* RCTMGLRasterLayerManager.h */ = {isa = PBXFileReference; lastKnownFileType = sourcecode.c.h; path = RCTMGLRasterLayerManager.h; sourceTree = "<group>"; };
		C4FB12351F799F280055AE1F /* RCTMGLRasterLayerManager.m */ = {isa = PBXFileReference; lastKnownFileType = sourcecode.c.objc; path = RCTMGLRasterLayerManager.m; sourceTree = "<group>"; };
		C4FB12561F79C0270055AE1F /* RCTMGLBackgroundLayer.h */ = {isa = PBXFileReference; lastKnownFileType = sourcecode.c.h; path = RCTMGLBackgroundLayer.h; sourceTree = "<group>"; };
		C4FB12571F79C0270055AE1F /* RCTMGLBackgroundLayer.m */ = {isa = PBXFileReference; lastKnownFileType = sourcecode.c.objc; path = RCTMGLBackgroundLayer.m; sourceTree = "<group>"; };
		C4FB12591F79C03E0055AE1F /* RCTMGLBackgroundLayerManager.h */ = {isa = PBXFileReference; lastKnownFileType = sourcecode.c.h; path = RCTMGLBackgroundLayerManager.h; sourceTree = "<group>"; };
		C4FB125A1F79C03E0055AE1F /* RCTMGLBackgroundLayerManager.m */ = {isa = PBXFileReference; lastKnownFileType = sourcecode.c.objc; path = RCTMGLBackgroundLayerManager.m; sourceTree = "<group>"; };
		C4FD1DBD1FCF54FB00213AF2 /* RCTMGLImageSource.h */ = {isa = PBXFileReference; lastKnownFileType = sourcecode.c.h; path = RCTMGLImageSource.h; sourceTree = "<group>"; };
		C4FD1DBE1FCF54FB00213AF2 /* RCTMGLImageSource.m */ = {isa = PBXFileReference; lastKnownFileType = sourcecode.c.objc; path = RCTMGLImageSource.m; sourceTree = "<group>"; };
		C4FD1DC01FCF550E00213AF2 /* RCTMGLImageSourceManager.h */ = {isa = PBXFileReference; lastKnownFileType = sourcecode.c.h; path = RCTMGLImageSourceManager.h; sourceTree = "<group>"; };
		C4FD1DC11FCF550E00213AF2 /* RCTMGLImageSourceManager.m */ = {isa = PBXFileReference; lastKnownFileType = sourcecode.c.objc; path = RCTMGLImageSourceManager.m; sourceTree = "<group>"; };
		C4FD1DC31FD1F04200213AF2 /* MGLSnapshotModule.h */ = {isa = PBXFileReference; lastKnownFileType = sourcecode.c.h; path = MGLSnapshotModule.h; sourceTree = "<group>"; };
		C4FD1DC41FD1F04200213AF2 /* MGLSnapshotModule.m */ = {isa = PBXFileReference; lastKnownFileType = sourcecode.c.objc; path = MGLSnapshotModule.m; sourceTree = "<group>"; };
/* End PBXFileReference section */

/* Begin PBXFrameworksBuildPhase section */
		C4D1443A1F4E16F600396F26 /* Frameworks */ = {
			isa = PBXFrameworksBuildPhase;
			buildActionMask = 2147483647;
			files = (
			);
			runOnlyForDeploymentPostprocessing = 0;
		};
/* End PBXFrameworksBuildPhase section */

/* Begin PBXGroup section */
		C410D5D21F7AD0A200CF822A /* Light */ = {
			isa = PBXGroup;
			children = (
				C410D5D31F7AD0B300CF822A /* RCTMGLLight.h */,
				C410D5D41F7AD0B300CF822A /* RCTMGLLight.m */,
				C410D5D61F7AD0C100CF822A /* RCTMGLLightManager.h */,
				C410D5D71F7AD0C100CF822A /* RCTMGLLightManager.m */,
			);
			name = Light;
			sourceTree = "<group>";
		};
		C42219B21FEB1FD600EE9E35 /* Location */ = {
			isa = PBXGroup;
			children = (
				C42219B31FEB205300EE9E35 /* MGLFaux3DUserLocationAnnotationView.h */,
				C42219B41FEB205300EE9E35 /* MGLFaux3DUserLocationAnnotationView.m */,
				C42219B91FEB211700EE9E35 /* MGLUserLocationHeadingIndicator.h */,
				C42219BA1FEB215E00EE9E35 /* MGLUserLocationHeadingArrowLayer.h */,
				C42219BB1FEB215E00EE9E35 /* MGLUserLocationHeadingArrowLayer.m */,
				C42219BD1FEB21D500EE9E35 /* MGLUserLocationHeadingBeamLayer.h */,
				C42219BE1FEB21D500EE9E35 /* MGLUserLocationHeadingBeamLayer.m */,
			);
			name = Location;
			sourceTree = "<group>";
		};
		C43773B91F56024900AF6D71 /* Components */ = {
			isa = PBXGroup;
			children = (
				C4C87B781F8FEB4D0064AE95 /* Annotations */,
				C4EAF1781F6320A40016DEE8 /* Styles */,
				C4EAF0EE1F5FAEB50016DEE8 /* Camera */,
				C43773BA1F56025800AF6D71 /* MapView */,
				C435A5F51F587D9100824A30 /* ViewManager.h */,
				C435A5F61F587D9100824A30 /* ViewManager.m */,
			);
			name = Components;
			sourceTree = "<group>";
		};
		C43773BA1F56025800AF6D71 /* MapView */ = {
			isa = PBXGroup;
			children = (
				C4D1444A1F4E178100396F26 /* RCTMGLMapView.h */,
				C4D1444B1F4E178100396F26 /* RCTMGLMapView.m */,
				C4D1444D1F4E181100396F26 /* RCTMGLMapViewManager.h */,
				C4D1444E1F4E181100396F26 /* RCTMGLMapViewManager.m */,
			);
			name = MapView;
			sourceTree = "<group>";
		};
		C43773BD1F5603AA00AF6D71 /* Constants */ = {
			isa = PBXGroup;
			children = (
				C43CA50B1F53A4EF000B9CB7 /* RCTMGLEventTypes.h */,
				C43CA50C1F53A4EF000B9CB7 /* RCTMGLEventTypes.m */,
			);
			name = Constants;
			sourceTree = "<group>";
		};
		C43CA5031F507B8D000B9CB7 /* Events */ = {
			isa = PBXGroup;
			children = (
				C43CA5041F507BCC000B9CB7 /* RCTMGLMapTouchEvent.h */,
				C43CA5051F507BCC000B9CB7 /* RCTMGLMapTouchEvent.m */,
				C43CA5071F507D88000B9CB7 /* RCTMGLEventProtocol.h */,
				C43CA5081F50C145000B9CB7 /* RCTMGLEvent.h */,
				C43CA5091F50C145000B9CB7 /* RCTMGLEvent.m */,
				C43773BD1F5603AA00AF6D71 /* Constants */,
			);
			name = Events;
			sourceTree = "<group>";
		};
		C4C87B781F8FEB4D0064AE95 /* Annotations */ = {
			isa = PBXGroup;
			children = (
				C4C87B791F8FEBF40064AE95 /* RCTMGLPointAnnotationManager.h */,
				C4C87B7A1F8FEBF40064AE95 /* RCTMGLPointAnnotationManager.m */,
				C4C87B7C1F8FEC080064AE95 /* RCTMGLPointAnnotation.h */,
				C4C87B7D1F8FEC090064AE95 /* RCTMGLPointAnnotation.m */,
				C4C87B8F1F9142FB0064AE95 /* RCTMGLCallout.h */,
				C4C87B901F9142FB0064AE95 /* RCTMGLCallout.m */,
				C4C87B921F9143DA0064AE95 /* RCTMGLCalloutManager.h */,
				C4C87B931F9143DA0064AE95 /* RCTMGLCalloutManager.m */,
			);
			name = Annotations;
			sourceTree = "<group>";
		};
		C4D144341F4E16F600396F26 = {
			isa = PBXGroup;
			children = (
				C4D1443F1F4E16F600396F26 /* RCTMGL */,
				C4D1443E1F4E16F600396F26 /* Products */,
			);
			sourceTree = "<group>";
		};
		C4D1443E1F4E16F600396F26 /* Products */ = {
			isa = PBXGroup;
			children = (
				C4D1443D1F4E16F600396F26 /* libRCTMGL.a */,
			);
			name = Products;
			sourceTree = "<group>";
		};
		C4D1443F1F4E16F600396F26 /* RCTMGL */ = {
			isa = PBXGroup;
			children = (
				C42219B21FEB1FD600EE9E35 /* Location */,
				C43773B91F56024900AF6D71 /* Components */,
				C43CA5031F507B8D000B9CB7 /* Events */,
				C4D144941F4E2EC800396F26 /* Utils */,
				C4D144501F4E188F00396F26 /* Modules */,
				C4D144401F4E16F600396F26 /* RCTMGL.h */,
				C4D144411F4E16F600396F26 /* RCTMGL.m */,
			);
			path = RCTMGL;
			sourceTree = "<group>";
		};
		C4D144501F4E188F00396F26 /* Modules */ = {
			isa = PBXGroup;
			children = (
				C4D144511F4E190C00396F26 /* MGLModule.h */,
				C4D144521F4E190C00396F26 /* MGLModule.m */,
				C470F6AA1FA11C9500614A69 /* MGLOfflineModule.h */,
				C470F6AB1FA11C9500614A69 /* MGLOfflineModule.m */,
				C4FD1DC31FD1F04200213AF2 /* MGLSnapshotModule.h */,
				C4FD1DC41FD1F04200213AF2 /* MGLSnapshotModule.m */,
			);
			name = Modules;
			sourceTree = "<group>";
		};
		C4D144941F4E2EC800396F26 /* Utils */ = {
			isa = PBXGroup;
			children = (
				C4D144951F4E2F1100396F26 /* RCTMGLUtils.h */,
				C4D144961F4E2F1100396F26 /* RCTMGLUtils.m */,
				C4C87A5E1F844C820064AE95 /* FilterParser.h */,
				C4C87A5F1F844C820064AE95 /* FilterParser.m */,
				C470F5B61F9E79D400614A69 /* RCTMGLImageQueue.h */,
				C470F5B71F9E79D400614A69 /* RCTMGLImageQueue.m */,
				C41DCC9B1FBBA8F000895BB4 /* FilterList.h */,
				C41DCC9C1FBBA8F000895BB4 /* FilterList.m */,
				C416014E20112B5200006116 /* RNMBImageUtils.h */,
				C416014F20112B5200006116 /* RNMBImageUtils.m */,
				C45339CB204780EB00888553 /* RCTMGLImageQueueOperation.h */,
				C45339CC204780EB00888553 /* RCTMGLImageQueueOperation.m */,
			);
			name = Utils;
			sourceTree = "<group>";
		};
		C4EAF0EE1F5FAEB50016DEE8 /* Camera */ = {
			isa = PBXGroup;
			children = (
				C4EAF1211F606F610016DEE8 /* Constants */,
				C4EAF11E1F5FC07E0016DEE8 /* CameraStop.h */,
				C4EAF11F1F5FC07E0016DEE8 /* CameraStop.m */,
				C4EAF1251F6083C70016DEE8 /* CameraUpdateItem.h */,
				C4EAF1261F6083C70016DEE8 /* CameraUpdateItem.m */,
				C4EAF1281F6084920016DEE8 /* CameraUpdateQueue.h */,
				C4EAF1291F6084920016DEE8 /* CameraUpdateQueue.m */,
			);
			name = Camera;
			sourceTree = "<group>";
		};
		C4EAF1211F606F610016DEE8 /* Constants */ = {
			isa = PBXGroup;
			children = (
				C4EAF1221F606F7C0016DEE8 /* CameraMode.h */,
				C4EAF1231F606F7C0016DEE8 /* CameraMode.m */,
			);
			name = Constants;
			sourceTree = "<group>";
		};
		C4EAF1781F6320A40016DEE8 /* Styles */ = {
			isa = PBXGroup;
			children = (
				C42236A21F6B012000FA9C1C /* RCTMGLStyle.h */,
				C42236A31F6B012000FA9C1C /* RCTMGLStyle.m */,
				C410D5D21F7AD0A200CF822A /* Light */,
				C4EAF17A1F6320B10016DEE8 /* Layers */,
				C4EAF1791F6320AA0016DEE8 /* Sources */,
				C4EA22171F675ACE00EF2500 /* RCTMGLStyleValue.h */,
				C4EA22181F675ACE00EF2500 /* RCTMGLStyleValue.m */,
			);
			name = Styles;
			sourceTree = "<group>";
		};
		C4EAF1791F6320AA0016DEE8 /* Sources */ = {
			isa = PBXGroup;
			children = (
				C4EAF17B1F6324970016DEE8 /* RCTMGLSource.h */,
				C4EAF17C1F6324970016DEE8 /* RCTMGLSource.m */,
				C4EAF1811F6336E20016DEE8 /* RCTMGLVectorSource.h */,
				C4EAF1821F6336E20016DEE8 /* RCTMGLVectorSource.m */,
				C4EAF1871F633C010016DEE8 /* RCTMGLVectorSourceManager.h */,
				C4EAF1881F633C010016DEE8 /* RCTMGLVectorSourceManager.m */,
				C4FB11081F71D09E0055AE1F /* RCTMGLShapeSource.h */,
				C4FB11091F71D09E0055AE1F /* RCTMGLShapeSource.m */,
				C4FB110B1F71D0B10055AE1F /* RCTMGLShapeSourceManager.h */,
				C4FB110C1F71D0B10055AE1F /* RCTMGLShapeSourceManager.m */,
				C4FB122B1F7972A00055AE1F /* RCTMGLRasterSource.h */,
				C4FB122C1F7972A00055AE1F /* RCTMGLRasterSource.m */,
				C4FB122E1F7972B40055AE1F /* RCTMGLRasterSourceManager.h */,
				C4FB122F1F7972B40055AE1F /* RCTMGLRasterSourceManager.m */,
				C4FD1DBD1FCF54FB00213AF2 /* RCTMGLImageSource.h */,
				C4FD1DBE1FCF54FB00213AF2 /* RCTMGLImageSource.m */,
				C4FD1DC01FCF550E00213AF2 /* RCTMGLImageSourceManager.h */,
				C4FD1DC11FCF550E00213AF2 /* RCTMGLImageSourceManager.m */,
			);
			name = Sources;
			sourceTree = "<group>";
		};
		C4EAF17A1F6320B10016DEE8 /* Layers */ = {
			isa = PBXGroup;
			children = (
				C4EAF17E1F6324A80016DEE8 /* RCTMGLLayer.h */,
				C4EAF17F1F6324A80016DEE8 /* RCTMGLLayer.m */,
				C4EAF18D1F633E020016DEE8 /* RCTMGLFillLayer.h */,
				C4EAF18E1F633E020016DEE8 /* RCTMGLFillLayer.m */,
				C4EAF1901F6341520016DEE8 /* RCTMGLFillLayerManager.h */,
				C4EAF1911F6341520016DEE8 /* RCTMGLFillLayerManager.m */,
				C42236A51F6C7F4E00FA9C1C /* RCTMGLFillExtrusionLayer.h */,
				C42236A61F6C7F4E00FA9C1C /* RCTMGLFillExtrusionLayer.m */,
				C42236A81F6C7F6200FA9C1C /* RCTMGLFillExtrusionLayerManager.h */,
				C42236A91F6C7F6200FA9C1C /* RCTMGLFillExtrusionLayerManager.m */,
				C4FB10FC1F707A140055AE1F /* RCTMGLLineLayer.h */,
				C4FB10FD1F707A140055AE1F /* RCTMGLLineLayer.m */,
				C4FB10FF1F707A280055AE1F /* RCTMGLLineLayerManager.h */,
				C4FB11001F707A280055AE1F /* RCTMGLLineLayerManager.m */,
				C4FB11021F709CDC0055AE1F /* RCTMGLCircleLayer.h */,
				C4FB11031F709CDC0055AE1F /* RCTMGLCircleLayer.m */,
				C4FB11051F709CEF0055AE1F /* RCTMGLCircleLayerManager.h */,
				C4FB11061F709CEF0055AE1F /* RCTMGLCircleLayerManager.m */,
				C4FB110E1F71EC8D0055AE1F /* RCTMGLSymbolLayer.h */,
				C4FB110F1F71EC8D0055AE1F /* RCTMGLSymbolLayer.m */,
				C4FB11111F71EC9F0055AE1F /* RCTMGLSymbolLayerManager.h */,
				C4FB11121F71EC9F0055AE1F /* RCTMGLSymbolLayerManager.m */,
				C4FB12311F799F190055AE1F /* RCTMGLRasterLayer.h */,
				C4FB12321F799F190055AE1F /* RCTMGLRasterLayer.m */,
				C4FB12341F799F280055AE1F /* RCTMGLRasterLayerManager.h */,
				C4FB12351F799F280055AE1F /* RCTMGLRasterLayerManager.m */,
				C4FB12561F79C0270055AE1F /* RCTMGLBackgroundLayer.h */,
				C4FB12571F79C0270055AE1F /* RCTMGLBackgroundLayer.m */,
				C4FB12591F79C03E0055AE1F /* RCTMGLBackgroundLayerManager.h */,
				C4FB125A1F79C03E0055AE1F /* RCTMGLBackgroundLayerManager.m */,
			);
			name = Layers;
			sourceTree = "<group>";
		};
/* End PBXGroup section */

/* Begin PBXNativeTarget section */
		C4D1443C1F4E16F600396F26 /* RCTMGL */ = {
			isa = PBXNativeTarget;
			buildConfigurationList = C4D144461F4E16F600396F26 /* Build configuration list for PBXNativeTarget "RCTMGL" */;
			buildPhases = (
				C4D144391F4E16F600396F26 /* Sources */,
				C4D1443A1F4E16F600396F26 /* Frameworks */,
				C4D1443B1F4E16F600396F26 /* CopyFiles */,
			);
			buildRules = (
			);
			dependencies = (
			);
			name = RCTMGL;
			productName = RCTMGL;
			productReference = C4D1443D1F4E16F600396F26 /* libRCTMGL.a */;
			productType = "com.apple.product-type.library.static";
		};
/* End PBXNativeTarget section */

/* Begin PBXProject section */
		C4D144351F4E16F600396F26 /* Project object */ = {
			isa = PBXProject;
			attributes = {
				LastUpgradeCheck = 0830;
				ORGANIZATIONNAME = "Mapbox Inc";
				TargetAttributes = {
					C4D1443C1F4E16F600396F26 = {
						CreatedOnToolsVersion = 8.3.3;
						ProvisioningStyle = Automatic;
					};
				};
			};
			buildConfigurationList = C4D144381F4E16F600396F26 /* Build configuration list for PBXProject "RCTMGL" */;
			compatibilityVersion = "Xcode 3.2";
			developmentRegion = English;
			hasScannedForEncodings = 0;
			knownRegions = (
				en,
			);
			mainGroup = C4D144341F4E16F600396F26;
			productRefGroup = C4D1443E1F4E16F600396F26 /* Products */;
			projectDirPath = "";
			projectRoot = "";
			targets = (
				C4D1443C1F4E16F600396F26 /* RCTMGL */,
			);
		};
/* End PBXProject section */

/* Begin PBXSourcesBuildPhase section */
		C4D144391F4E16F600396F26 /* Sources */ = {
			isa = PBXSourcesBuildPhase;
			buildActionMask = 2147483647;
			files = (
				C470F6AC1FA11C9500614A69 /* MGLOfflineModule.m in Sources */,
				C4FB12581F79C0270055AE1F /* RCTMGLBackgroundLayer.m in Sources */,
				C4EAF1801F6324A80016DEE8 /* RCTMGLLayer.m in Sources */,
				C4C87B7E1F8FEC090064AE95 /* RCTMGLPointAnnotation.m in Sources */,
				C4EAF1271F6083C70016DEE8 /* CameraUpdateItem.m in Sources */,
				C470F5B81F9E79D400614A69 /* RCTMGLImageQueue.m in Sources */,
				C45339CD204780EB00888553 /* RCTMGLImageQueueOperation.m in Sources */,
				C4D144531F4E190C00396F26 /* MGLModule.m in Sources */,
				C4C87B7B1F8FEBF50064AE95 /* RCTMGLPointAnnotationManager.m in Sources */,
				C43CA50A1F50C145000B9CB7 /* RCTMGLEvent.m in Sources */,
				C4EA22191F675ACE00EF2500 /* RCTMGLStyleValue.m in Sources */,
				C4FB110A1F71D09E0055AE1F /* RCTMGLShapeSource.m in Sources */,
				C4FB11101F71EC8D0055AE1F /* RCTMGLSymbolLayer.m in Sources */,
				C4FB125B1F79C03E0055AE1F /* RCTMGLBackgroundLayerManager.m in Sources */,
				C4EAF18F1F633E020016DEE8 /* RCTMGLFillLayer.m in Sources */,
				C4C87B911F9142FB0064AE95 /* RCTMGLCallout.m in Sources */,
				C42236AA1F6C7F6200FA9C1C /* RCTMGLFillExtrusionLayerManager.m in Sources */,
				C4FB12331F799F190055AE1F /* RCTMGLRasterLayer.m in Sources */,
				C4D1444C1F4E178100396F26 /* RCTMGLMapView.m in Sources */,
				C42219BF1FEB21D500EE9E35 /* MGLUserLocationHeadingBeamLayer.m in Sources */,
				C410D5D51F7AD0B300CF822A /* RCTMGLLight.m in Sources */,
				C42236A41F6B012000FA9C1C /* RCTMGLStyle.m in Sources */,
				C4FD1DC21FCF550E00213AF2 /* RCTMGLImageSourceManager.m in Sources */,
				C4D1444F1F4E181100396F26 /* RCTMGLMapViewManager.m in Sources */,
				C4FB12361F799F280055AE1F /* RCTMGLRasterLayerManager.m in Sources */,
				C4FB110D1F71D0B10055AE1F /* RCTMGLShapeSourceManager.m in Sources */,
				C4EAF1921F6341520016DEE8 /* RCTMGLFillLayerManager.m in Sources */,
				C4D144971F4E2F1100396F26 /* RCTMGLUtils.m in Sources */,
				C43CA50D1F53A4EF000B9CB7 /* RCTMGLEventTypes.m in Sources */,
				C4EAF1201F5FC07E0016DEE8 /* CameraStop.m in Sources */,
				C4FB11071F709CEF0055AE1F /* RCTMGLCircleLayerManager.m in Sources */,
				C4EAF1241F606F7C0016DEE8 /* CameraMode.m in Sources */,
				C4D144421F4E16F600396F26 /* RCTMGL.m in Sources */,
				C42236A71F6C7F4E00FA9C1C /* RCTMGLFillExtrusionLayer.m in Sources */,
				C4FB11011F707A280055AE1F /* RCTMGLLineLayerManager.m in Sources */,
				C43CA5061F507BCC000B9CB7 /* RCTMGLMapTouchEvent.m in Sources */,
				C4FB12301F7972B40055AE1F /* RCTMGLRasterSourceManager.m in Sources */,
				C416015020112B5200006116 /* RNMBImageUtils.m in Sources */,
				C4FB10FE1F707A140055AE1F /* RCTMGLLineLayer.m in Sources */,
				C4EAF1831F6336E20016DEE8 /* RCTMGLVectorSource.m in Sources */,
				C4EAF1891F633C010016DEE8 /* RCTMGLVectorSourceManager.m in Sources */,
				C42219BC1FEB215E00EE9E35 /* MGLUserLocationHeadingArrowLayer.m in Sources */,
				C4FD1DC51FD1F04300213AF2 /* MGLSnapshotModule.m in Sources */,
				C4FB122D1F7972A00055AE1F /* RCTMGLRasterSource.m in Sources */,
				C4C87B941F9143DA0064AE95 /* RCTMGLCalloutManager.m in Sources */,
				C410D5D81F7AD0C100CF822A /* RCTMGLLightManager.m in Sources */,
				C4EAF17D1F6324970016DEE8 /* RCTMGLSource.m in Sources */,
				C4FB11131F71EC9F0055AE1F /* RCTMGLSymbolLayerManager.m in Sources */,
				C42219B51FEB205300EE9E35 /* MGLFaux3DUserLocationAnnotationView.m in Sources */,
				C4C87A601F844C820064AE95 /* FilterParser.m in Sources */,
				C4FD1DBF1FCF54FB00213AF2 /* RCTMGLImageSource.m in Sources */,
				C41DCC9D1FBBA8F000895BB4 /* FilterList.m in Sources */,
				C4EAF12A1F6084920016DEE8 /* CameraUpdateQueue.m in Sources */,
				C4FB11041F709CDC0055AE1F /* RCTMGLCircleLayer.m in Sources */,
				C435A5F71F587D9100824A30 /* ViewManager.m in Sources */,
			);
			runOnlyForDeploymentPostprocessing = 0;
		};
/* End PBXSourcesBuildPhase section */

/* Begin XCBuildConfiguration section */
		C4D144441F4E16F600396F26 /* Debug */ = {
			isa = XCBuildConfiguration;
			buildSettings = {
				ALWAYS_SEARCH_USER_PATHS = NO;
				CLANG_ANALYZER_NONNULL = YES;
				CLANG_ANALYZER_NUMBER_OBJECT_CONVERSION = YES_AGGRESSIVE;
				CLANG_CXX_LANGUAGE_STANDARD = "gnu++0x";
				CLANG_CXX_LIBRARY = "libc++";
				CLANG_ENABLE_MODULES = YES;
				CLANG_ENABLE_OBJC_ARC = YES;
				CLANG_WARN_BOOL_CONVERSION = YES;
				CLANG_WARN_CONSTANT_CONVERSION = YES;
				CLANG_WARN_DIRECT_OBJC_ISA_USAGE = YES_ERROR;
				CLANG_WARN_DOCUMENTATION_COMMENTS = YES;
				CLANG_WARN_EMPTY_BODY = YES;
				CLANG_WARN_ENUM_CONVERSION = YES;
				CLANG_WARN_INFINITE_RECURSION = YES;
				CLANG_WARN_INT_CONVERSION = YES;
				CLANG_WARN_OBJC_ROOT_CLASS = YES_ERROR;
				CLANG_WARN_SUSPICIOUS_MOVE = YES;
				CLANG_WARN_UNREACHABLE_CODE = YES;
				CLANG_WARN__DUPLICATE_METHOD_MATCH = YES;
				"CODE_SIGN_IDENTITY[sdk=iphoneos*]" = "iPhone Developer";
				COPY_PHASE_STRIP = NO;
				DEBUG_INFORMATION_FORMAT = dwarf;
				ENABLE_STRICT_OBJC_MSGSEND = YES;
				ENABLE_TESTABILITY = YES;
				GCC_C_LANGUAGE_STANDARD = gnu99;
				GCC_DYNAMIC_NO_PIC = NO;
				GCC_NO_COMMON_BLOCKS = YES;
				GCC_OPTIMIZATION_LEVEL = 0;
				GCC_PREPROCESSOR_DEFINITIONS = (
					"DEBUG=1",
					"$(inherited)",
				);
				GCC_WARN_64_TO_32_BIT_CONVERSION = YES;
				GCC_WARN_ABOUT_RETURN_TYPE = YES_ERROR;
				GCC_WARN_UNDECLARED_SELECTOR = YES;
				GCC_WARN_UNINITIALIZED_AUTOS = YES_AGGRESSIVE;
				GCC_WARN_UNUSED_FUNCTION = YES;
				GCC_WARN_UNUSED_VARIABLE = YES;
				HEADER_SEARCH_PATHS = "$(SRCROOT)/../../../react-native/React";
				IPHONEOS_DEPLOYMENT_TARGET = 8.0;
				MTL_ENABLE_DEBUG_INFO = YES;
				ONLY_ACTIVE_ARCH = YES;
				SDKROOT = iphoneos;
			};
			name = Debug;
		};
		C4D144451F4E16F600396F26 /* Release */ = {
			isa = XCBuildConfiguration;
			buildSettings = {
				ALWAYS_SEARCH_USER_PATHS = NO;
				CLANG_ANALYZER_NONNULL = YES;
				CLANG_ANALYZER_NUMBER_OBJECT_CONVERSION = YES_AGGRESSIVE;
				CLANG_CXX_LANGUAGE_STANDARD = "gnu++0x";
				CLANG_CXX_LIBRARY = "libc++";
				CLANG_ENABLE_MODULES = YES;
				CLANG_ENABLE_OBJC_ARC = YES;
				CLANG_WARN_BOOL_CONVERSION = YES;
				CLANG_WARN_CONSTANT_CONVERSION = YES;
				CLANG_WARN_DIRECT_OBJC_ISA_USAGE = YES_ERROR;
				CLANG_WARN_DOCUMENTATION_COMMENTS = YES;
				CLANG_WARN_EMPTY_BODY = YES;
				CLANG_WARN_ENUM_CONVERSION = YES;
				CLANG_WARN_INFINITE_RECURSION = YES;
				CLANG_WARN_INT_CONVERSION = YES;
				CLANG_WARN_OBJC_ROOT_CLASS = YES_ERROR;
				CLANG_WARN_SUSPICIOUS_MOVE = YES;
				CLANG_WARN_UNREACHABLE_CODE = YES;
				CLANG_WARN__DUPLICATE_METHOD_MATCH = YES;
				"CODE_SIGN_IDENTITY[sdk=iphoneos*]" = "iPhone Developer";
				COPY_PHASE_STRIP = NO;
				DEBUG_INFORMATION_FORMAT = "dwarf-with-dsym";
				ENABLE_NS_ASSERTIONS = NO;
				ENABLE_STRICT_OBJC_MSGSEND = YES;
				GCC_C_LANGUAGE_STANDARD = gnu99;
				GCC_NO_COMMON_BLOCKS = YES;
				GCC_WARN_64_TO_32_BIT_CONVERSION = YES;
				GCC_WARN_ABOUT_RETURN_TYPE = YES_ERROR;
				GCC_WARN_UNDECLARED_SELECTOR = YES;
				GCC_WARN_UNINITIALIZED_AUTOS = YES_AGGRESSIVE;
				GCC_WARN_UNUSED_FUNCTION = YES;
				GCC_WARN_UNUSED_VARIABLE = YES;
				HEADER_SEARCH_PATHS = "$(SRCROOT)/../../../react-native/React";
				IPHONEOS_DEPLOYMENT_TARGET = 8.0;
				MTL_ENABLE_DEBUG_INFO = NO;
				SDKROOT = iphoneos;
				VALIDATE_PRODUCT = YES;
			};
			name = Release;
		};
		C4D144471F4E16F600396F26 /* Debug */ = {
			isa = XCBuildConfiguration;
			buildSettings = {
				FRAMEWORK_SEARCH_PATHS = "$(SRCROOT)";
				HEADER_SEARCH_PATHS = "$(SRCROOT)/../../../react-native/React/**";
				OTHER_LDFLAGS = "-ObjC";
				PRODUCT_NAME = "$(TARGET_NAME)";
				SKIP_INSTALL = YES;
			};
			name = Debug;
		};
		C4D144481F4E16F600396F26 /* Release */ = {
			isa = XCBuildConfiguration;
			buildSettings = {
				FRAMEWORK_SEARCH_PATHS = "$(SRCROOT)";
				HEADER_SEARCH_PATHS = "$(SRCROOT)/../../../react-native/React/**";
				OTHER_LDFLAGS = "-ObjC";
				PRODUCT_NAME = "$(TARGET_NAME)";
				SKIP_INSTALL = YES;
			};
			name = Release;
		};
/* End XCBuildConfiguration section */

/* Begin XCConfigurationList section */
		C4D144381F4E16F600396F26 /* Build configuration list for PBXProject "RCTMGL" */ = {
			isa = XCConfigurationList;
			buildConfigurations = (
				C4D144441F4E16F600396F26 /* Debug */,
				C4D144451F4E16F600396F26 /* Release */,
			);
			defaultConfigurationIsVisible = 0;
			defaultConfigurationName = Release;
		};
		C4D144461F4E16F600396F26 /* Build configuration list for PBXNativeTarget "RCTMGL" */ = {
			isa = XCConfigurationList;
			buildConfigurations = (
				C4D144471F4E16F600396F26 /* Debug */,
				C4D144481F4E16F600396F26 /* Release */,
			);
			defaultConfigurationIsVisible = 0;
			defaultConfigurationName = Release;
		};
/* End XCConfigurationList section */
	};
	rootObject = C4D144351F4E16F600396F26 /* Project object */;
}
