{
  "object": {
    "pins": [
      {
        "package": "MapLibre GL Native",
        "repositoryURL": "https://github.com/maplibre/maplibre-gl-native-distribution",
        "state": {
          "branch": null,
          "revision": "d761956e81e74d8bdbfba31e0ec3a75616190658",
          "version": "5.12.2"
        }
      }
    ]
  },
  "version": 1
}
